
Microsoft Visual Studio Solution File, Format Version 12.00
# Visual Studio Version 17
VisualStudioVersion = 17.6.33815.320
MinimumVisualStudioVersion = 10.0.40219.1
Project("{9A19103F-16F7-4668-BE54-9A1E7A4F7556}") = "BasarnasApp.Server", "BasarnasApp\Server\BasarnasApp.Server.csproj", "{D504B5D8-96C2-4AA9-BB81-D17778D7D67E}"
EndProject
Project("{9A19103F-16F7-4668-BE54-9A1E7A4F7556}") = "BasarnasApp.Client", "BasarnasApp\Client\BasarnasApp.Client.csproj", "{FFF4C309-C833-47F0-BAB2-9F8911C4D0F4}"
EndProject
Project("{9A19103F-16F7-4668-BE54-9A1E7A4F7556}") = "BasarnasApp.Shared", "BasarnasApp\Shared\BasarnasApp.Shared.csproj", "{DE493998-3415-49AC-B0BC-708DBEA955B9}"
EndProject
Project("{FAE04EC0-301F-11D3-BF4B-00C04F79EFBC}") = "BasarnasMobilaApp", "BasarnasMobilaApp\BasarnasMobilaApp.csproj", "{6921C3A0-C588-4FFA-B9E5-29EBD630CBF7}"
EndProject
Global
	GlobalSection(SolutionConfigurationPlatforms) = preSolution
		Debug|Any CPU = Debug|Any CPU
		Release|Any CPU = Release|Any CPU
	EndGlobalSection
	GlobalSection(ProjectConfigurationPlatforms) = postSolution
		{D504B5D8-96C2-4AA9-BB81-D17778D7D67E}.Debug|Any CPU.ActiveCfg = Debug|Any CPU
		{D504B5D8-96C2-4AA9-BB81-D17778D7D67E}.Debug|Any CPU.Build.0 = Debug|Any CPU
		{D504B5D8-96C2-4AA9-BB81-D17778D7D67E}.Release|Any CPU.ActiveCfg = Release|Any CPU
		{D504B5D8-96C2-4AA9-BB81-D17778D7D67E}.Release|Any CPU.Build.0 = Release|Any CPU
		{FFF4C309-C833-47F0-BAB2-9F8911C4D0F4}.Debug|Any CPU.ActiveCfg = Debug|Any CPU
		{FFF4C309-C833-47F0-BAB2-9F8911C4D0F4}.Debug|Any CPU.Build.0 = Debug|Any CPU
		{FFF4C309-C833-47F0-BAB2-9F8911C4D0F4}.Release|Any CPU.ActiveCfg = Release|Any CPU
		{FFF4C309-C833-47F0-BAB2-9F8911C4D0F4}.Release|Any CPU.Build.0 = Release|Any CPU
		{DE493998-3415-49AC-B0BC-708DBEA955B9}.Debug|Any CPU.ActiveCfg = Debug|Any CPU
		{DE493998-3415-49AC-B0BC-708DBEA955B9}.Debug|Any CPU.Build.0 = Debug|Any CPU
		{DE493998-3415-49AC-B0BC-708DBEA955B9}.Release|Any CPU.ActiveCfg = Release|Any CPU
		{DE493998-3415-49AC-B0BC-708DBEA955B9}.Release|Any CPU.Build.0 = Release|Any CPU
		{6921C3A0-C588-4FFA-B9E5-29EBD630CBF7}.Debug|Any CPU.ActiveCfg = Debug|Any CPU
		{6921C3A0-C588-4FFA-B9E5-29EBD630CBF7}.Debug|Any CPU.Build.0 = Debug|Any CPU
		{6921C3A0-C588-4FFA-B9E5-29EBD630CBF7}.Debug|Any CPU.Deploy.0 = Debug|Any CPU
		{6921C3A0-C588-4FFA-B9E5-29EBD630CBF7}.Release|Any CPU.ActiveCfg = Release|Any CPU
		{6921C3A0-C588-4FFA-B9E5-29EBD630CBF7}.Release|Any CPU.Build.0 = Release|Any CPU
		{6921C3A0-C588-4FFA-B9E5-29EBD630CBF7}.Release|Any CPU.Deploy.0 = Release|Any CPU
	EndGlobalSection
	GlobalSection(SolutionProperties) = preSolution
		HideSolutionNode = FALSE
	EndGlobalSection
	GlobalSection(ExtensibilityGlobals) = postSolution
		SolutionGuid = {D8375655-5DF7-4973-8325-1BA59C8D1C7D}
	EndGlobalSection
EndGlobal
